{
  "name": "task",
  "version": "1.0.0",
  "lockfileVersion": 3,
  "requires": true,
  "packages": {
    "": {
      "name": "task",
      "version": "1.0.0",
      "license": "ISC",
      "dependencies": {
        "@ckeditor/ckeditor5-build-classic": "^40.1.0",
        "@ckeditor/ckeditor5-react": "^6.1.0",
        "@types/node": "^20.9.2",
        "axios": "^1.6.2"
      }
    },
    "node_modules/@ckeditor/ckeditor5-adapter-ckfinder": {
      "version": "40.1.0",
      "resolved": "https://registry.npmjs.org/@ckeditor/ckeditor5-adapter-ckfinder/-/ckeditor5-adapter-ckfinder-40.1.0.tgz",
      "integrity": "sha512-tvwgkMNgXnFqTOlv/uV8iUs5tzf68o5fcE0HNZn+5WG9j04deGeQ160d1CAhtnAGN11BnJShlkk0/YcQ+4OQiw==",
      "dependencies": {
        "ckeditor5": "40.1.0"
      }
    },
    "node_modules/@ckeditor/ckeditor5-autoformat": {
      "version": "40.1.0",
      "resolved": "https://registry.npmjs.org/@ckeditor/ckeditor5-autoformat/-/ckeditor5-autoformat-40.1.0.tgz",
      "integrity": "sha512-ZSzrUQRbluUIlz2vwyDaQDUhboTsGK6UqPsuZQfO+GJGnOaD8JKu8Sun2KzWCzSdRhbEm5ioyJmlLOOuPsPBSQ==",
      "dependencies": {
        "ckeditor5": "40.1.0"
      }
    },
    "node_modules/@ckeditor/ckeditor5-basic-styles": {
      "version": "40.1.0",
      "resolved": "https://registry.npmjs.org/@ckeditor/ckeditor5-basic-styles/-/ckeditor5-basic-styles-40.1.0.tgz",
      "integrity": "sha512-+WcZPUqCAW1ABzAGFkuXZ8M72LtrmTXFdyK9KjHu9bJN7OGxN2WmVvMVX/ENU598ajM7kdHgbQedAbUa45A4AA==",
      "dependencies": {
        "ckeditor5": "40.1.0"
      }
    },
    "node_modules/@ckeditor/ckeditor5-block-quote": {
      "version": "40.1.0",
      "resolved": "https://registry.npmjs.org/@ckeditor/ckeditor5-block-quote/-/ckeditor5-block-quote-40.1.0.tgz",
      "integrity": "sha512-3kKhIlfdhwXgnwzU4Nur74fbGcSS5kwKqVrm3bDlMlGKzoyoqbtPppGEsdTcuq8EovTkS57/hWgyAXeJiUtA+Q==",
      "dependencies": {
        "ckeditor5": "40.1.0"
      }
    },
    "node_modules/@ckeditor/ckeditor5-build-classic": {
      "version": "40.1.0",
      "resolved": "https://registry.npmjs.org/@ckeditor/ckeditor5-build-classic/-/ckeditor5-build-classic-40.1.0.tgz",
      "integrity": "sha512-QiQJrQkZOwfSED20j1oCM0EU+gk9F1GccnNs1/TOufufcMJ0k+dWO/3Cw12dmfQT5uY6AtL+5uoPXHsMez9l4w==",
      "dependencies": {
        "@ckeditor/ckeditor5-adapter-ckfinder": "40.1.0",
        "@ckeditor/ckeditor5-autoformat": "40.1.0",
        "@ckeditor/ckeditor5-basic-styles": "40.1.0",
        "@ckeditor/ckeditor5-block-quote": "40.1.0",
        "@ckeditor/ckeditor5-ckbox": "40.1.0",
        "@ckeditor/ckeditor5-ckfinder": "40.1.0",
        "@ckeditor/ckeditor5-cloud-services": "40.1.0",
        "@ckeditor/ckeditor5-easy-image": "40.1.0",
        "@ckeditor/ckeditor5-editor-classic": "40.1.0",
        "@ckeditor/ckeditor5-essentials": "40.1.0",
        "@ckeditor/ckeditor5-heading": "40.1.0",
        "@ckeditor/ckeditor5-image": "40.1.0",
        "@ckeditor/ckeditor5-indent": "40.1.0",
        "@ckeditor/ckeditor5-link": "40.1.0",
        "@ckeditor/ckeditor5-list": "40.1.0",
        "@ckeditor/ckeditor5-media-embed": "40.1.0",
        "@ckeditor/ckeditor5-paragraph": "40.1.0",
        "@ckeditor/ckeditor5-paste-from-office": "40.1.0",
        "@ckeditor/ckeditor5-table": "40.1.0",
        "@ckeditor/ckeditor5-typing": "40.1.0"
      }
    },
    "node_modules/@ckeditor/ckeditor5-ckbox": {
      "version": "40.1.0",
      "resolved": "https://registry.npmjs.org/@ckeditor/ckeditor5-ckbox/-/ckeditor5-ckbox-40.1.0.tgz",
      "integrity": "sha512-j4IBFq3Scrj/SwUKxkgk8NyarbomSGOVqMa5iI2NP9ggGeSr9uESMSBRJo8kfG3szIs6whIoWGGfDQjBy+FXKQ==",
      "dependencies": {
        "blurhash": "^2.0.5",
        "ckeditor5": "40.1.0"
      }
    },
    "node_modules/@ckeditor/ckeditor5-ckfinder": {
      "version": "40.1.0",
      "resolved": "https://registry.npmjs.org/@ckeditor/ckeditor5-ckfinder/-/ckeditor5-ckfinder-40.1.0.tgz",
      "integrity": "sha512-wNkf4RbZTvp3y269Xatv4ohv28c00Y+jrDplU4UhavEYhpk2b6F44XiUulaRd8jDBuzaYc8uWp9rN87uEFVZqA==",
      "dependencies": {
        "ckeditor5": "40.1.0"
      }
    },
    "node_modules/@ckeditor/ckeditor5-clipboard": {
      "version": "40.1.0",
      "resolved": "https://registry.npmjs.org/@ckeditor/ckeditor5-clipboard/-/ckeditor5-clipboard-40.1.0.tgz",
      "integrity": "sha512-Zk1wCJbxhFygfEE8QHFiF4IRO9Ufl5lKaYtCq31dniex4XGyQ4x9LJz6YLhMzfhWKIrfBwpUiStXQ3GxgVgP1w==",
      "dependencies": {
        "@ckeditor/ckeditor5-core": "40.1.0",
        "@ckeditor/ckeditor5-engine": "40.1.0",
        "@ckeditor/ckeditor5-ui": "40.1.0",
        "@ckeditor/ckeditor5-utils": "40.1.0",
        "@ckeditor/ckeditor5-widget": "40.1.0",
        "lodash-es": "4.17.21"
      }
    },
    "node_modules/@ckeditor/ckeditor5-cloud-services": {
      "version": "40.1.0",
      "resolved": "https://registry.npmjs.org/@ckeditor/ckeditor5-cloud-services/-/ckeditor5-cloud-services-40.1.0.tgz",
      "integrity": "sha512-zxfvo2jDwzvsFqNmDa0PTyKb1zyKn1KHckqyB+1SiLZZRIN6Y5HQBgJr0kAiSvhih2bHQdNaVFalJhP1iMl94w==",
      "dependencies": {
        "ckeditor5": "40.1.0"
      }
    },
    "node_modules/@ckeditor/ckeditor5-core": {
      "version": "40.1.0",
      "resolved": "https://registry.npmjs.org/@ckeditor/ckeditor5-core/-/ckeditor5-core-40.1.0.tgz",
      "integrity": "sha512-VTPANdgrPvCshACLElgHF+ELLpoMvNoa/Y+dfnI5tNuX8hbALpmFm/rNzDIYGzNWBOjBq9WLWcvYLSrIgb3f8A==",
      "dependencies": {
        "@ckeditor/ckeditor5-engine": "40.1.0",
        "@ckeditor/ckeditor5-utils": "40.1.0",
        "lodash-es": "4.17.21"
      }
    },
    "node_modules/@ckeditor/ckeditor5-easy-image": {
      "version": "40.1.0",
      "resolved": "https://registry.npmjs.org/@ckeditor/ckeditor5-easy-image/-/ckeditor5-easy-image-40.1.0.tgz",
      "integrity": "sha512-uZikiStRFG07bxMn78TSQyHi4qvEp2/oWQ2XoLR4C7tvVrTj4aEJOfYp5dOKgjTsFYYurkTWrvBj4Z/b3dIfIQ==",
      "dependencies": {
        "ckeditor5": "40.1.0"
      }
    },
    "node_modules/@ckeditor/ckeditor5-editor-classic": {
      "version": "40.1.0",
      "resolved": "https://registry.npmjs.org/@ckeditor/ckeditor5-editor-classic/-/ckeditor5-editor-classic-40.1.0.tgz",
      "integrity": "sha512-A1nJE+bGNcfWIw9O0JHNjXe5T3zwqE42wb7vZFznGEIc9OoG6yHmkpo5wV/DZVy9zia7Y5f6EdLdEaHLx3VzUg==",
      "dependencies": {
        "ckeditor5": "40.1.0",
        "lodash-es": "4.17.21"
      }
    },
    "node_modules/@ckeditor/ckeditor5-engine": {
      "version": "40.1.0",
      "resolved": "https://registry.npmjs.org/@ckeditor/ckeditor5-engine/-/ckeditor5-engine-40.1.0.tgz",
      "integrity": "sha512-z4UD6ncjgtpqlcCzfSaAX5uro6TNiJVuW0hUv2WH4WGt1cBWjvNZ9kkcaJAANJhDXxNDA+jgRAeRkowaxUGXIg==",
      "dependencies": {
        "@ckeditor/ckeditor5-utils": "40.1.0",
        "lodash-es": "4.17.21"
      }
    },
    "node_modules/@ckeditor/ckeditor5-enter": {
      "version": "40.1.0",
      "resolved": "https://registry.npmjs.org/@ckeditor/ckeditor5-enter/-/ckeditor5-enter-40.1.0.tgz",
      "integrity": "sha512-8X9+Lsc9pDUfmXjcZCQfEvp5YTs22x3FsOPAi8JEE/9aO2n0dB/zSNn2O8oJ1u5hf/9N8EYkyYiowI9cYEl9ww==",
      "dependencies": {
        "@ckeditor/ckeditor5-core": "40.1.0",
        "@ckeditor/ckeditor5-engine": "40.1.0",
        "@ckeditor/ckeditor5-utils": "40.1.0"
      }
    },
    "node_modules/@ckeditor/ckeditor5-essentials": {
      "version": "40.1.0",
      "resolved": "https://registry.npmjs.org/@ckeditor/ckeditor5-essentials/-/ckeditor5-essentials-40.1.0.tgz",
      "integrity": "sha512-buTY8ATSM42EWMkwrsvpHyntfzvtn+2DvbrRIYm0w50GDchlmVRczR4axv7snLRKLsSB3yjGbodaVvtl9MFTXA==",
      "dependencies": {
        "ckeditor5": "40.1.0"
      }
    },
    "node_modules/@ckeditor/ckeditor5-heading": {
      "version": "40.1.0",
      "resolved": "https://registry.npmjs.org/@ckeditor/ckeditor5-heading/-/ckeditor5-heading-40.1.0.tgz",
      "integrity": "sha512-klULKRRcoNk+JhJaREp6GEX/b99CHlyShL8vR3v01EBpfvwGglzqF0xVetig9yyfWPe4R4I7OEkIQ/3nR+jSBw==",
      "dependencies": {
        "ckeditor5": "40.1.0"
      }
    },
    "node_modules/@ckeditor/ckeditor5-image": {
      "version": "40.1.0",
      "resolved": "https://registry.npmjs.org/@ckeditor/ckeditor5-image/-/ckeditor5-image-40.1.0.tgz",
      "integrity": "sha512-n4ZyOE6JvZXqbDA0tg5Y3QchxQb0XCPipL/EXfnJAU6fo2/vzDcflYDKWGQ7s7WjWx2rNRjlfXgzVW5RTNByKw==",
      "dependencies": {
        "@ckeditor/ckeditor5-ui": "40.1.0",
        "ckeditor5": "40.1.0",
        "lodash-es": "4.17.21"
      }
    },
    "node_modules/@ckeditor/ckeditor5-indent": {
      "version": "40.1.0",
      "resolved": "https://registry.npmjs.org/@ckeditor/ckeditor5-indent/-/ckeditor5-indent-40.1.0.tgz",
      "integrity": "sha512-V23OcynvjSIavbnjaBwvB76AeTizkARRzttlK85FyGd/DyExYxnIyYY1yOMVjyj3xCZzKDq9B4GRVOoumMmWiQ==",
      "dependencies": {
        "ckeditor5": "40.1.0"
      }
    },
    "node_modules/@ckeditor/ckeditor5-link": {
      "version": "40.1.0",
      "resolved": "https://registry.npmjs.org/@ckeditor/ckeditor5-link/-/ckeditor5-link-40.1.0.tgz",
      "integrity": "sha512-giy2TNk6l/fjn/q4M5JFQcbAnSpln5KqBhXAUfgkstLanNhReA4yIxuRmDY4MiV5cAc6juF6l7gAcxKgXG7HJw==",
      "dependencies": {
        "@ckeditor/ckeditor5-ui": "40.1.0",
        "ckeditor5": "40.1.0",
        "lodash-es": "4.17.21"
      }
    },
    "node_modules/@ckeditor/ckeditor5-list": {
      "version": "40.1.0",
      "resolved": "https://registry.npmjs.org/@ckeditor/ckeditor5-list/-/ckeditor5-list-40.1.0.tgz",
      "integrity": "sha512-jpBQrCqn2F4tTp8BYA5dKWl3cBRhgpklumOwP34XdWoIg4EYdGYOXc/XkZqdNokYRzNouWzS6+UyeL+va9Q8yw==",
      "dependencies": {
        "@ckeditor/ckeditor5-ui": "40.1.0",
        "ckeditor5": "40.1.0"
      }
    },
    "node_modules/@ckeditor/ckeditor5-media-embed": {
      "version": "40.1.0",
      "resolved": "https://registry.npmjs.org/@ckeditor/ckeditor5-media-embed/-/ckeditor5-media-embed-40.1.0.tgz",
      "integrity": "sha512-k7IjKkL818ujbO1tLOzUz8ahPRosBXY/yeoeCaiDr8dfZ3EMDUH0jqWpV5ty7OMv5AzKl/pfVDVNM/R5MHKCSQ==",
      "dependencies": {
        "@ckeditor/ckeditor5-ui": "40.1.0",
        "ckeditor5": "40.1.0"
      }
    },
    "node_modules/@ckeditor/ckeditor5-paragraph": {
      "version": "40.1.0",
      "resolved": "https://registry.npmjs.org/@ckeditor/ckeditor5-paragraph/-/ckeditor5-paragraph-40.1.0.tgz",
      "integrity": "sha512-R1bGbLF4tiA4SQtDHVBqqgrmAOyA9bj0q9ssVtQpn4/dew5sffnvQIDhgc+GlIT3Z1HQT3rH4JLEJE9sOid0VA==",
      "dependencies": {
        "@ckeditor/ckeditor5-core": "40.1.0",
        "@ckeditor/ckeditor5-ui": "40.1.0",
        "@ckeditor/ckeditor5-utils": "40.1.0"
      }
    },
    "node_modules/@ckeditor/ckeditor5-paste-from-office": {
      "version": "40.1.0",
      "resolved": "https://registry.npmjs.org/@ckeditor/ckeditor5-paste-from-office/-/ckeditor5-paste-from-office-40.1.0.tgz",
      "integrity": "sha512-TgxhOMnSu0Dk/3orPaWap7DyfJO0Mcy13tFiv7lMmjwORBtweHCAENom1n0XZw8fscENl6ua9PkaA6hCh80kew==",
      "dependencies": {
        "ckeditor5": "40.1.0"
      }
    },
    "node_modules/@ckeditor/ckeditor5-react": {
      "version": "6.1.0",
      "resolved": "https://registry.npmjs.org/@ckeditor/ckeditor5-react/-/ckeditor5-react-6.1.0.tgz",
      "integrity": "sha512-uwJ89pOJnjlMgfluGJhxatt6zV5ZavuV7AaRvJpxzAU7SjoC3sNumohDRmI0KGDGoyCVPMJO9fgE3ijIb3gHlQ==",
      "dependencies": {
        "prop-types": "^15.7.2"
      },
      "engines": {
        "node": ">=16.0.0",
        "npm": ">=5.7.1"
      },
      "peerDependencies": {
        "@ckeditor/ckeditor5-core": ">=37.0.0",
        "@ckeditor/ckeditor5-engine": ">=37.0.0",
        "@ckeditor/ckeditor5-utils": ">=37.0.0",
        "@ckeditor/ckeditor5-watchdog": ">=37.0.0",
        "react": "^16.13.1 || ^17.0.0 || ^18.0.0"
      }
    },
    "node_modules/@ckeditor/ckeditor5-select-all": {
      "version": "40.1.0",
      "resolved": "https://registry.npmjs.org/@ckeditor/ckeditor5-select-all/-/ckeditor5-select-all-40.1.0.tgz",
      "integrity": "sha512-6EA36HT9ZDFU9cInVo512lUkE6AMWKp2p7zCWTyHCtvA3vATAendxw0lgyY2EX+LIwD/gisWsyWts6OMFk/PmQ==",
      "dependencies": {
        "@ckeditor/ckeditor5-core": "40.1.0",
        "@ckeditor/ckeditor5-ui": "40.1.0",
        "@ckeditor/ckeditor5-utils": "40.1.0"
      }
    },
    "node_modules/@ckeditor/ckeditor5-table": {
      "version": "40.1.0",
      "resolved": "https://registry.npmjs.org/@ckeditor/ckeditor5-table/-/ckeditor5-table-40.1.0.tgz",
      "integrity": "sha512-iUrOsa150JmH9xhV8UUF2tH1UcFcvtWJ4cpE3l6iPjPTv4mp7ZvMUuB0GC8Qt/ES9+BR4I+7LKbOEmKe5wuvBQ==",
      "dependencies": {
        "ckeditor5": "40.1.0",
        "lodash-es": "4.17.21"
      }
    },
    "node_modules/@ckeditor/ckeditor5-typing": {
      "version": "40.1.0",
      "resolved": "https://registry.npmjs.org/@ckeditor/ckeditor5-typing/-/ckeditor5-typing-40.1.0.tgz",
      "integrity": "sha512-Ro7+vGQPqZm38n2v6r5azliZrkos+8nA1tTDgXdNgmzpr53CdLB8rX/DQRTNY+xAwujgKy9y3P+uVmV5HigqnQ==",
      "dependencies": {
        "@ckeditor/ckeditor5-core": "40.1.0",
        "@ckeditor/ckeditor5-engine": "40.1.0",
        "@ckeditor/ckeditor5-utils": "40.1.0",
        "lodash-es": "4.17.21"
      }
    },
    "node_modules/@ckeditor/ckeditor5-ui": {
      "version": "40.1.0",
      "resolved": "https://registry.npmjs.org/@ckeditor/ckeditor5-ui/-/ckeditor5-ui-40.1.0.tgz",
      "integrity": "sha512-ROq/as1YnlfwPtqqWU8u+bw8pCFbqUhOU4Xq1VuFqN4dhrecz2NIkSHU8ht+vD4YmPqXTDa8GOwaBKnCjX7pZA==",
      "dependencies": {
        "@ckeditor/ckeditor5-core": "40.1.0",
        "@ckeditor/ckeditor5-utils": "40.1.0",
        "color-convert": "2.0.1",
        "color-parse": "1.4.2",
        "lodash-es": "4.17.21",
        "vanilla-colorful": "0.7.2"
      }
    },
    "node_modules/@ckeditor/ckeditor5-undo": {
      "version": "40.1.0",
      "resolved": "https://registry.npmjs.org/@ckeditor/ckeditor5-undo/-/ckeditor5-undo-40.1.0.tgz",
      "integrity": "sha512-j07Zs4NHWSEcBHcye28InssE8S3ryMcwEWTYDr0/L3LYnBs5b1fCyGCJYchH3yLlrQTL88yX+SQKmwZE0f0wYw==",
      "dependencies": {
        "@ckeditor/ckeditor5-core": "40.1.0",
        "@ckeditor/ckeditor5-engine": "40.1.0",
        "@ckeditor/ckeditor5-ui": "40.1.0"
      }
    },
    "node_modules/@ckeditor/ckeditor5-upload": {
      "version": "40.1.0",
      "resolved": "https://registry.npmjs.org/@ckeditor/ckeditor5-upload/-/ckeditor5-upload-40.1.0.tgz",
      "integrity": "sha512-uTaP36PskRdBn2XvWTWPUm+D9xlXvzuD2OvbxLP2kAiU10c43KKPXdukf0N2ujStYcj/hwdPc6ZLt1otImazKw==",
      "dependencies": {
        "@ckeditor/ckeditor5-core": "40.1.0",
        "@ckeditor/ckeditor5-ui": "40.1.0",
        "@ckeditor/ckeditor5-utils": "40.1.0"
      }
    },
    "node_modules/@ckeditor/ckeditor5-utils": {
      "version": "40.1.0",
      "resolved": "https://registry.npmjs.org/@ckeditor/ckeditor5-utils/-/ckeditor5-utils-40.1.0.tgz",
      "integrity": "sha512-QTpgbuPbQa88AMCOlDdlgK8fPg/IpPuxSU5QDVGR1rmuZRgC7fWCN027aLsJ2t1ppLfKjA/O49dhydm6mKgO9w==",
      "dependencies": {
        "lodash-es": "4.17.21"
      }
    },
    "node_modules/@ckeditor/ckeditor5-watchdog": {
      "version": "40.1.0",
      "resolved": "https://registry.npmjs.org/@ckeditor/ckeditor5-watchdog/-/ckeditor5-watchdog-40.1.0.tgz",
      "integrity": "sha512-E8+1zC6dnDR0wQnZD88ligKY7pxBcxz953eUdijHmBcVrbECMKJ4VrORIT37LVgstDUYJhHYgxMOQ0TwO/uSKQ==",
      "dependencies": {
        "lodash-es": "4.17.21"
      }
    },
    "node_modules/@ckeditor/ckeditor5-widget": {
      "version": "40.1.0",
      "resolved": "https://registry.npmjs.org/@ckeditor/ckeditor5-widget/-/ckeditor5-widget-40.1.0.tgz",
      "integrity": "sha512-3nmDx6cQzDmuc7F0s1c967GK5cSHzsOAnBFlCkz/Om00It5wHFz2VASXA0LHo1gsma2XoO9MJtZjgUkHQUag3g==",
      "dependencies": {
        "@ckeditor/ckeditor5-core": "40.1.0",
        "@ckeditor/ckeditor5-engine": "40.1.0",
        "@ckeditor/ckeditor5-enter": "40.1.0",
        "@ckeditor/ckeditor5-typing": "40.1.0",
        "@ckeditor/ckeditor5-ui": "40.1.0",
        "@ckeditor/ckeditor5-utils": "40.1.0",
        "lodash-es": "4.17.21"
      }
    },
    "node_modules/@types/node": {
      "version": "20.9.2",
      "resolved": "https://registry.npmjs.org/@types/node/-/node-20.9.2.tgz",
      "integrity": "sha512-WHZXKFCEyIUJzAwh3NyyTHYSR35SevJ6mZ1nWwJafKtiQbqRTIKSRcw3Ma3acqgsent3RRDqeVwpHntMk+9irg==",
      "dependencies": {
        "undici-types": "~5.26.4"
      }
    },
    "node_modules/asynckit": {
      "version": "0.4.0",
      "resolved": "https://registry.npmjs.org/asynckit/-/asynckit-0.4.0.tgz",
      "integrity": "sha512-Oei9OH4tRh0YqU3GxhX79dM/mwVgvbZJaSNaRk+bshkj0S5cfHcgYakreBjrHwatXKbz+IoIdYLxrKim2MjW0Q=="
    },
    "node_modules/axios": {
      "version": "1.6.2",
      "resolved": "https://registry.npmjs.org/axios/-/axios-1.6.2.tgz",
      "integrity": "sha512-7i24Ri4pmDRfJTR7LDBhsOTtcm+9kjX5WiY1X3wIisx6G9So3pfMkEiU7emUBe46oceVImccTEM3k6C5dbVW8A==",
      "dependencies": {
        "follow-redirects": "^1.15.0",
        "form-data": "^4.0.0",
        "proxy-from-env": "^1.1.0"
      }
    },
    "node_modules/blurhash": {
      "version": "2.0.5",
      "resolved": "https://registry.npmjs.org/blurhash/-/blurhash-2.0.5.tgz",
      "integrity": "sha512-cRygWd7kGBQO3VEhPiTgq4Wc43ctsM+o46urrmPOiuAe+07fzlSB9OJVdpgDL0jPqXUVQ9ht7aq7kxOeJHRK+w=="
    },
    "node_modules/ckeditor5": {
      "version": "40.1.0",
      "resolved": "https://registry.npmjs.org/ckeditor5/-/ckeditor5-40.1.0.tgz",
      "integrity": "sha512-AMWr8dPWowaj1EvT8pFrkDZ7FioBG96gEP85RrDQm0f8aF8ifJN9vwbX4iAxvX/uL5R90ye2as9+mflm8D+1wQ==",
      "dependencies": {
        "@ckeditor/ckeditor5-clipboard": "40.1.0",
        "@ckeditor/ckeditor5-core": "40.1.0",
        "@ckeditor/ckeditor5-engine": "40.1.0",
        "@ckeditor/ckeditor5-enter": "40.1.0",
        "@ckeditor/ckeditor5-paragraph": "40.1.0",
        "@ckeditor/ckeditor5-select-all": "40.1.0",
        "@ckeditor/ckeditor5-typing": "40.1.0",
        "@ckeditor/ckeditor5-ui": "40.1.0",
        "@ckeditor/ckeditor5-undo": "40.1.0",
        "@ckeditor/ckeditor5-upload": "40.1.0",
        "@ckeditor/ckeditor5-utils": "40.1.0",
        "@ckeditor/ckeditor5-watchdog": "40.1.0",
        "@ckeditor/ckeditor5-widget": "40.1.0"
      }
    },
    "node_modules/color-convert": {
      "version": "2.0.1",
      "resolved": "https://registry.npmjs.org/color-convert/-/color-convert-2.0.1.tgz",
      "integrity": "sha512-RRECPsj7iu/xb5oKYcsFHSppFNnsj/52OVTRKb4zP5onXwVF3zVmmToNcOfGC+CRDpfK/U584fMg38ZHCaElKQ==",
      "dependencies": {
        "color-name": "~1.1.4"
      },
      "engines": {
        "node": ">=7.0.0"
      }
    },
    "node_modules/color-name": {
      "version": "1.1.4",
      "resolved": "https://registry.npmjs.org/color-name/-/color-name-1.1.4.tgz",
      "integrity": "sha512-dOy+3AuW3a2wNbZHIuMZpTcgjGuLU/uBL/ubcZF9OXbDo8ff4O8yVp5Bf0efS8uEoYo5q4Fx7dY9OgQGXgAsQA=="
    },
    "node_modules/color-parse": {
      "version": "1.4.2",
      "resolved": "https://registry.npmjs.org/color-parse/-/color-parse-1.4.2.tgz",
      "integrity": "sha512-RI7s49/8yqDj3fECFZjUI1Yi0z/Gq1py43oNJivAIIDSyJiOZLfYCRQEgn8HEVAj++PcRe8AnL2XF0fRJ3BTnA==",
      "dependencies": {
        "color-name": "^1.0.0"
      }
    },
    "node_modules/combined-stream": {
      "version": "1.0.8",
      "resolved": "https://registry.npmjs.org/combined-stream/-/combined-stream-1.0.8.tgz",
      "integrity": "sha512-FQN4MRfuJeHf7cBbBMJFXhKSDq+2kAArBlmRBvcvFE5BB1HZKXtSFASDhdlz9zOYwxh8lDdnvmMOe/+5cdoEdg==",
      "dependencies": {
        "delayed-stream": "~1.0.0"
      },
      "engines": {
        "node": ">= 0.8"
      }
    },
    "node_modules/delayed-stream": {
      "version": "1.0.0",
      "resolved": "https://registry.npmjs.org/delayed-stream/-/delayed-stream-1.0.0.tgz",
      "integrity": "sha512-ZySD7Nf91aLB0RxL4KGrKHBXl7Eds1DAmEdcoVawXnLD7SDhpNgtuII2aAkg7a7QS41jxPSZ17p4VdGnMHk3MQ==",
      "engines": {
        "node": ">=0.4.0"
      }
    },
    "node_modules/follow-redirects": {
      "version": "1.15.3",
      "resolved": "https://registry.npmjs.org/follow-redirects/-/follow-redirects-1.15.3.tgz",
      "integrity": "sha512-1VzOtuEM8pC9SFU1E+8KfTjZyMztRsgEfwQl44z8A25uy13jSzTj6dyK2Df52iV0vgHCfBwLhDWevLn95w5v6Q==",
      "funding": [
        {
          "type": "individual",
          "url": "https://github.com/sponsors/RubenVerborgh"
        }
      ],
      "engines": {
        "node": ">=4.0"
      },
      "peerDependenciesMeta": {
        "debug": {
          "optional": true
        }
      }
    },
    "node_modules/form-data": {
      "version": "4.0.0",
      "resolved": "https://registry.npmjs.org/form-data/-/form-data-4.0.0.tgz",
      "integrity": "sha512-ETEklSGi5t0QMZuiXoA/Q6vcnxcLQP5vdugSpuAyi6SVGi2clPPp+xgEhuMaHC+zGgn31Kd235W35f7Hykkaww==",
      "dependencies": {
        "asynckit": "^0.4.0",
        "combined-stream": "^1.0.8",
        "mime-types": "^2.1.12"
      },
      "engines": {
        "node": ">= 6"
      }
    },
    "node_modules/js-tokens": {
      "version": "4.0.0",
      "resolved": "https://registry.npmjs.org/js-tokens/-/js-tokens-4.0.0.tgz",
      "integrity": "sha512-RdJUflcE3cUzKiMqQgsCu06FPu9UdIJO0beYbPhHN4k6apgJtifcoCtT9bcxOpYBtpD2kCM6Sbzg4CausW/PKQ=="
    },
    "node_modules/lodash-es": {
      "version": "4.17.21",
      "resolved": "https://registry.npmjs.org/lodash-es/-/lodash-es-4.17.21.tgz",
      "integrity": "sha512-mKnC+QJ9pWVzv+C4/U3rRsHapFfHvQFoFB92e52xeyGMcX6/OlIl78je1u8vePzYZSkkogMPJ2yjxxsb89cxyw=="
    },
    "node_modules/loose-envify": {
      "version": "1.4.0",
      "resolved": "https://registry.npmjs.org/loose-envify/-/loose-envify-1.4.0.tgz",
      "integrity": "sha512-lyuxPGr/Wfhrlem2CL/UcnUc1zcqKAImBDzukY7Y5F/yQiNdko6+fRLevlw1HgMySw7f611UIY408EtxRSoK3Q==",
      "dependencies": {
        "js-tokens": "^3.0.0 || ^4.0.0"
      },
      "bin": {
        "loose-envify": "cli.js"
      }
    },
    "node_modules/mime-db": {
      "version": "1.52.0",
      "resolved": "https://registry.npmjs.org/mime-db/-/mime-db-1.52.0.tgz",
      "integrity": "sha512-sPU4uV7dYlvtWJxwwxHD0PuihVNiE7TyAbQ5SWxDCB9mUYvOgroQOwYQQOKPJ8CIbE+1ETVlOoK1UC2nU3gYvg==",
      "engines": {
        "node": ">= 0.6"
      }
    },
    "node_modules/mime-types": {
      "version": "2.1.35",
      "resolved": "https://registry.npmjs.org/mime-types/-/mime-types-2.1.35.tgz",
      "integrity": "sha512-ZDY+bPm5zTTF+YpCrAU9nK0UgICYPT0QtT1NZWFv4s++TNkcgVaT0g6+4R2uI4MjQjzysHB1zxuWL50hzaeXiw==",
      "dependencies": {
        "mime-db": "1.52.0"
      },
      "engines": {
        "node": ">= 0.6"
      }
    },
    "node_modules/object-assign": {
      "version": "4.1.1",
      "resolved": "https://registry.npmjs.org/object-assign/-/object-assign-4.1.1.tgz",
      "integrity": "sha512-rJgTQnkUnH1sFw8yT6VSU3zD3sWmu6sZhIseY8VX+GRu3P6F7Fu+JNDoXfklElbLJSnc3FUQHVe4cU5hj+BcUg==",
      "engines": {
        "node": ">=0.10.0"
      }
    },
    "node_modules/prop-types": {
      "version": "15.8.1",
      "resolved": "https://registry.npmjs.org/prop-types/-/prop-types-15.8.1.tgz",
      "integrity": "sha512-oj87CgZICdulUohogVAR7AjlC0327U4el4L6eAvOqCeudMDVU0NThNaV+b9Df4dXgSP1gXMTnPdhfe/2qDH5cg==",
      "dependencies": {
        "loose-envify": "^1.4.0",
        "object-assign": "^4.1.1",
        "react-is": "^16.13.1"
      }
    },
    "node_modules/proxy-from-env": {
      "version": "1.1.0",
      "resolved": "https://registry.npmjs.org/proxy-from-env/-/proxy-from-env-1.1.0.tgz",
      "integrity": "sha512-D+zkORCbA9f1tdWRK0RaCR3GPv50cMxcrz4X8k5LTSUD1Dkw47mKJEZQNunItRTkWwgtaUSo1RVFRIG9ZXiFYg=="
    },
    "node_modules/react": {
      "version": "18.2.0",
      "resolved": "https://registry.npmjs.org/react/-/react-18.2.0.tgz",
      "integrity": "sha512-/3IjMdb2L9QbBdWiW5e3P2/npwMBaU9mHCSCUzNln0ZCYbcfTsGbTJrU/kGemdH2IWmB2ioZ+zkxtmq6g09fGQ==",
      "peer": true,
      "dependencies": {
        "loose-envify": "^1.1.0"
      },
      "engines": {
        "node": ">=0.10.0"
      }
    },
    "node_modules/react-is": {
      "version": "16.13.1",
      "resolved": "https://registry.npmjs.org/react-is/-/react-is-16.13.1.tgz",
      "integrity": "sha512-24e6ynE2H+OKt4kqsOvNd8kBpV65zoxbA4BVsEOB3ARVWQki/DHzaUoC5KuON/BiccDaCCTZBuOcfZs70kR8bQ=="
    },
    "node_modules/undici-types": {
      "version": "5.26.5",
      "resolved": "https://registry.npmjs.org/undici-types/-/undici-types-5.26.5.tgz",
      "integrity": "sha512-JlCMO+ehdEIKqlFxk6IfVoAUVmgz7cU7zD/h9XZ0qzeosSHmUJVOzSQvvYSYWXkFXC+IfLKSIffhv0sVZup6pA=="
    },
    "node_modules/vanilla-colorful": {
      "version": "0.7.2",
      "resolved": "https://registry.npmjs.org/vanilla-colorful/-/vanilla-colorful-0.7.2.tgz",
      "integrity": "sha512-z2YZusTFC6KnLERx1cgoIRX2CjPRP0W75N+3CC6gbvdX5Ch47rZkEMGO2Xnf+IEmi3RiFLxS18gayMA27iU7Kg=="
    }
  }
}
